
Microsoft Visual Studio Solution File, Format Version 12.00
# Visual Studio Version 17
VisualStudioVersion = 17.1.32210.238
MinimumVisualStudioVersion = 10.0.40219.1
Project("{FAE04EC0-301F-11D3-BF4B-00C04F79EFBC}") = "PB.Presentation", "PB.Presentation\PB.Presentation.csproj", "{4DC82B24-8FC6-4675-8D72-FF4317EAF4D6}"
EndProject
Project("{2150E333-8FDC-42A3-9474-1A3956D46DE8}") = "Presentation", "Presentation", "{321A9E79-A66D-43B9-9BD4-EB624D574271}"
EndProject
Project("{2150E333-8FDC-42A3-9474-1A3956D46DE8}") = "Common", "Common", "{942F4EF9-4E5F-45E9-B995-6909063780F8}"
EndProject
Project("{2150E333-8FDC-42A3-9474-1A3956D46DE8}") = "UserService", "UserService", "{2DF96E01-F436-4740-A355-9464BAF11574}"
EndProject
Project("{2150E333-8FDC-42A3-9474-1A3956D46DE8}") = "ProductService", "ProductService", "{D628E235-4025-416D-B041-F5742BE6BBD0}"
EndProject
Project("{FAE04EC0-301F-11D3-BF4B-00C04F79EFBC}") = "PB.Constant", "PB.Constant\PB.Constant.csproj", "{AC210760-08E0-464C-8BA3-31BEB5E4C030}"
EndProject
Project("{FAE04EC0-301F-11D3-BF4B-00C04F79EFBC}") = "PB.Enum", "PB.Enum\PB.Enum.csproj", "{043CB234-35B8-4F1B-BB07-A903A3970EB9}"
EndProject
Project("{FAE04EC0-301F-11D3-BF4B-00C04F79EFBC}") = "PB.Helper", "PB.Helper\PB.Helper.csproj", "{4888EAD6-18A7-4331-9697-3D41F4E0AEB9}"
EndProject
Project("{FAE04EC0-301F-11D3-BF4B-00C04F79EFBC}") = "PB.DBContext", "PB.DBContext\PB.DBContext.csproj", "{76DBDDFB-F2D1-43FF-B9E5-DA201191AB68}"
EndProject
Project("{FAE04EC0-301F-11D3-BF4B-00C04F79EFBC}") = "PB.Exception", "PB.Exception\PB.Exception.csproj", "{074A2143-CB7C-4C6C-AEC1-49CF273BF7F2}"
EndProject
Project("{FAE04EC0-301F-11D3-BF4B-00C04F79EFBC}") = "PB.Product.Service", "PB.Product.Service\PB.Product.Service.csproj", "{B6BEAB98-01D8-4770-8B33-B67B7F01A0FD}"
EndProject
Project("{FAE04EC0-301F-11D3-BF4B-00C04F79EFBC}") = "PB.User.Service", "PB.User.Service\PB.User.Service.csproj", "{58AFDC63-C11D-4DAB-8A3C-3CE3F9F6FD3A}"
EndProject
Project("{FAE04EC0-301F-11D3-BF4B-00C04F79EFBC}") = "PB.Product", "PB.Product\PB.Product.csproj", "{9D95278B-5E63-4E46-94BF-4CAEA9A4B119}"
EndProject
Project("{FAE04EC0-301F-11D3-BF4B-00C04F79EFBC}") = "PB.User", "PB.User\PB.User.csproj", "{58A90EAC-4925-4D00-89E0-82CA9E0E9CD2}"
EndProject
Project("{2150E333-8FDC-42A3-9474-1A3956D46DE8}") = "TemplateService", "TemplateService", "{76F52BC8-B864-4289-A202-EEA600F7950B}"
EndProject
Project("{FAE04EC0-301F-11D3-BF4B-00C04F79EFBC}") = "BP.TemplateUI", "BP.TemplateUI\BP.TemplateUI.csproj", "{1261C938-A8B4-4FA9-9AB6-3316F483CCB0}"
EndProject
Project("{FAE04EC0-301F-11D3-BF4B-00C04F79EFBC}") = "BP.TemplateUI.Service", "BP.TemplateUI.Service\BP.TemplateUI.Service.csproj", "{08BA23CE-7FCC-4358-905E-1727DA9FCB54}"
EndProject
Global
	GlobalSection(SolutionConfigurationPlatforms) = preSolution
		Debug|Any CPU = Debug|Any CPU
		Release|Any CPU = Release|Any CPU
	EndGlobalSection
	GlobalSection(ProjectConfigurationPlatforms) = postSolution
		{4DC82B24-8FC6-4675-8D72-FF4317EAF4D6}.Debug|Any CPU.ActiveCfg = Debug|Any CPU
		{4DC82B24-8FC6-4675-8D72-FF4317EAF4D6}.Debug|Any CPU.Build.0 = Debug|Any CPU
		{4DC82B24-8FC6-4675-8D72-FF4317EAF4D6}.Release|Any CPU.ActiveCfg = Release|Any CPU
		{4DC82B24-8FC6-4675-8D72-FF4317EAF4D6}.Release|Any CPU.Build.0 = Release|Any CPU
		{AC210760-08E0-464C-8BA3-31BEB5E4C030}.Debug|Any CPU.ActiveCfg = Debug|Any CPU
		{AC210760-08E0-464C-8BA3-31BEB5E4C030}.Debug|Any CPU.Build.0 = Debug|Any CPU
		{AC210760-08E0-464C-8BA3-31BEB5E4C030}.Release|Any CPU.ActiveCfg = Release|Any CPU
		{AC210760-08E0-464C-8BA3-31BEB5E4C030}.Release|Any CPU.Build.0 = Release|Any CPU
		{043CB234-35B8-4F1B-BB07-A903A3970EB9}.Debug|Any CPU.ActiveCfg = Debug|Any CPU
		{043CB234-35B8-4F1B-BB07-A903A3970EB9}.Debug|Any CPU.Build.0 = Debug|Any CPU
		{043CB234-35B8-4F1B-BB07-A903A3970EB9}.Release|Any CPU.ActiveCfg = Release|Any CPU
		{043CB234-35B8-4F1B-BB07-A903A3970EB9}.Release|Any CPU.Build.0 = Release|Any CPU
		{4888EAD6-18A7-4331-9697-3D41F4E0AEB9}.Debug|Any CPU.ActiveCfg = Debug|Any CPU
		{4888EAD6-18A7-4331-9697-3D41F4E0AEB9}.Debug|Any CPU.Build.0 = Debug|Any CPU
		{4888EAD6-18A7-4331-9697-3D41F4E0AEB9}.Release|Any CPU.ActiveCfg = Release|Any CPU
		{4888EAD6-18A7-4331-9697-3D41F4E0AEB9}.Release|Any CPU.Build.0 = Release|Any CPU
		{76DBDDFB-F2D1-43FF-B9E5-DA201191AB68}.Debug|Any CPU.ActiveCfg = Debug|Any CPU
		{76DBDDFB-F2D1-43FF-B9E5-DA201191AB68}.Debug|Any CPU.Build.0 = Debug|Any CPU
		{76DBDDFB-F2D1-43FF-B9E5-DA201191AB68}.Release|Any CPU.ActiveCfg = Release|Any CPU
		{76DBDDFB-F2D1-43FF-B9E5-DA201191AB68}.Release|Any CPU.Build.0 = Release|Any CPU
		{074A2143-CB7C-4C6C-AEC1-49CF273BF7F2}.Debug|Any CPU.ActiveCfg = Debug|Any CPU
		{074A2143-CB7C-4C6C-AEC1-49CF273BF7F2}.Debug|Any CPU.Build.0 = Debug|Any CPU
		{074A2143-CB7C-4C6C-AEC1-49CF273BF7F2}.Release|Any CPU.ActiveCfg = Release|Any CPU
		{074A2143-CB7C-4C6C-AEC1-49CF273BF7F2}.Release|Any CPU.Build.0 = Release|Any CPU
		{B6BEAB98-01D8-4770-8B33-B67B7F01A0FD}.Debug|Any CPU.ActiveCfg = Debug|Any CPU
		{B6BEAB98-01D8-4770-8B33-B67B7F01A0FD}.Debug|Any CPU.Build.0 = Debug|Any CPU
		{B6BEAB98-01D8-4770-8B33-B67B7F01A0FD}.Release|Any CPU.ActiveCfg = Release|Any CPU
		{B6BEAB98-01D8-4770-8B33-B67B7F01A0FD}.Release|Any CPU.Build.0 = Release|Any CPU
		{58AFDC63-C11D-4DAB-8A3C-3CE3F9F6FD3A}.Debug|Any CPU.ActiveCfg = Debug|Any CPU
		{58AFDC63-C11D-4DAB-8A3C-3CE3F9F6FD3A}.Debug|Any CPU.Build.0 = Debug|Any CPU
		{58AFDC63-C11D-4DAB-8A3C-3CE3F9F6FD3A}.Release|Any CPU.ActiveCfg = Release|Any CPU
		{58AFDC63-C11D-4DAB-8A3C-3CE3F9F6FD3A}.Release|Any CPU.Build.0 = Release|Any CPU
		{9D95278B-5E63-4E46-94BF-4CAEA9A4B119}.Debug|Any CPU.ActiveCfg = Debug|Any CPU
		{9D95278B-5E63-4E46-94BF-4CAEA9A4B119}.Debug|Any CPU.Build.0 = Debug|Any CPU
		{9D95278B-5E63-4E46-94BF-4CAEA9A4B119}.Release|Any CPU.ActiveCfg = Release|Any CPU
		{9D95278B-5E63-4E46-94BF-4CAEA9A4B119}.Release|Any CPU.Build.0 = Release|Any CPU
		{58A90EAC-4925-4D00-89E0-82CA9E0E9CD2}.Debug|Any CPU.ActiveCfg = Debug|Any CPU
		{58A90EAC-4925-4D00-89E0-82CA9E0E9CD2}.Debug|Any CPU.Build.0 = Debug|Any CPU
		{58A90EAC-4925-4D00-89E0-82CA9E0E9CD2}.Release|Any CPU.ActiveCfg = Release|Any CPU
		{58A90EAC-4925-4D00-89E0-82CA9E0E9CD2}.Release|Any CPU.Build.0 = Release|Any CPU
		{1261C938-A8B4-4FA9-9AB6-3316F483CCB0}.Debug|Any CPU.ActiveCfg = Debug|Any CPU
		{1261C938-A8B4-4FA9-9AB6-3316F483CCB0}.Debug|Any CPU.Build.0 = Debug|Any CPU
		{1261C938-A8B4-4FA9-9AB6-3316F483CCB0}.Release|Any CPU.ActiveCfg = Release|Any CPU
		{1261C938-A8B4-4FA9-9AB6-3316F483CCB0}.Release|Any CPU.Build.0 = Release|Any CPU
		{08BA23CE-7FCC-4358-905E-1727DA9FCB54}.Debug|Any CPU.ActiveCfg = Debug|Any CPU
		{08BA23CE-7FCC-4358-905E-1727DA9FCB54}.Debug|Any CPU.Build.0 = Debug|Any CPU
		{08BA23CE-7FCC-4358-905E-1727DA9FCB54}.Release|Any CPU.ActiveCfg = Release|Any CPU
		{08BA23CE-7FCC-4358-905E-1727DA9FCB54}.Release|Any CPU.Build.0 = Release|Any CPU
	EndGlobalSection
	GlobalSection(SolutionProperties) = preSolution
		HideSolutionNode = FALSE
	EndGlobalSection
	GlobalSection(NestedProjects) = preSolution
		{4DC82B24-8FC6-4675-8D72-FF4317EAF4D6} = {321A9E79-A66D-43B9-9BD4-EB624D574271}
		{AC210760-08E0-464C-8BA3-31BEB5E4C030} = {942F4EF9-4E5F-45E9-B995-6909063780F8}
		{043CB234-35B8-4F1B-BB07-A903A3970EB9} = {942F4EF9-4E5F-45E9-B995-6909063780F8}
		{4888EAD6-18A7-4331-9697-3D41F4E0AEB9} = {942F4EF9-4E5F-45E9-B995-6909063780F8}
		{76DBDDFB-F2D1-43FF-B9E5-DA201191AB68} = {942F4EF9-4E5F-45E9-B995-6909063780F8}
		{074A2143-CB7C-4C6C-AEC1-49CF273BF7F2} = {942F4EF9-4E5F-45E9-B995-6909063780F8}
		{B6BEAB98-01D8-4770-8B33-B67B7F01A0FD} = {D628E235-4025-416D-B041-F5742BE6BBD0}
		{58AFDC63-C11D-4DAB-8A3C-3CE3F9F6FD3A} = {2DF96E01-F436-4740-A355-9464BAF11574}
		{9D95278B-5E63-4E46-94BF-4CAEA9A4B119} = {D628E235-4025-416D-B041-F5742BE6BBD0}
		{58A90EAC-4925-4D00-89E0-82CA9E0E9CD2} = {2DF96E01-F436-4740-A355-9464BAF11574}
		{1261C938-A8B4-4FA9-9AB6-3316F483CCB0} = {76F52BC8-B864-4289-A202-EEA600F7950B}
		{08BA23CE-7FCC-4358-905E-1727DA9FCB54} = {76F52BC8-B864-4289-A202-EEA600F7950B}
	EndGlobalSection
	GlobalSection(ExtensibilityGlobals) = postSolution
		SolutionGuid = {A86D0EF9-BED6-4CA0-94DE-82B257A41C9F}
	EndGlobalSection
EndGlobal
