<Solution>
  <Project Path="TheCoffeeCream.Application/TheCoffeeCream.Application.csproj" />
  <Project Path="TheCoffeeCream.Domain/TheCoffeeCream.Domain.csproj" />
  <Project Path="TheCoffeeCream.Infrastructure/TheCoffeeCream.Infrastructure.csproj" />
  <Project Path="TheCoffeeCream.Migrations/TheCoffeeCream.Migrations.csproj" />
  <Project Path="TheCoffeeCream/TheCoffeeCream.csproj" />
</Solution>
